
Microsoft Visual Studio Solution File, Format Version 12.00
# Visual Studio Version 17
VisualStudioVersion = 17.13.35931.197 d17.13
MinimumVisualStudioVersion = 10.0.40219.1
Project("{FAE04EC0-301F-11D3-BF4B-00C04F79EFBC}") = "econradoS5B", "econradoS5B.csproj", "{06CBB218-221F-45EF-9298-1BD87601CF08}"
EndProject
Global
	GlobalSection(SolutionConfigurationPlatforms) = preSolution
		Debug|Any CPU = Debug|Any CPU
		Release|Any CPU = Release|Any CPU
	EndGlobalSection
	GlobalSection(ProjectConfigurationPlatforms) = postSolution
		{06CBB218-221F-45EF-9298-1BD87601CF08}.Debug|Any CPU.ActiveCfg = Debug|Any CPU
		{06CBB218-221F-45EF-9298-1BD87601CF08}.Debug|Any CPU.Build.0 = Debug|Any CPU
		{06CBB218-221F-45EF-9298-1BD87601CF08}.Release|Any CPU.ActiveCfg = Release|Any CPU
		{06CBB218-221F-45EF-9298-1BD87601CF08}.Release|Any CPU.Build.0 = Release|Any CPU
	EndGlobalSection
	GlobalSection(SolutionProperties) = preSolution
		HideSolutionNode = FALSE
	EndGlobalSection
	GlobalSection(ExtensibilityGlobals) = postSolution
		SolutionGuid = {2936F10D-4E69-4831-8E49-E94F9BB698ED}
	EndGlobalSection
EndGlobal
